{
  "name": "ecommerce-one-challenge",
  "version": "1.0.0",
  "lockfileVersion": 3,
  "requires": true,
  "author": "",
  "description": "",
  "header": "('Access-Control-Allow-Origin: *')",
  "keywords": [],
  "license": "ISC",
  "main": "produtos.html",
  "packages": {},
  "scripts": {
    "server": "json-server db.json"
  }
}
